# THIS IS AN AUTOGENERATED FILE. DO NOT EDIT THIS FILE DIRECTLY.
# yarn lockfile v1


angular-moment-picker@^0.10.1:
  version "0.10.1"
  resolved "https://registry.yarnpkg.com/angular-moment-picker/-/angular-moment-picker-0.10.1.tgz#2d393f6b703d8c13bafcd81c62910a8978c339ee"
  dependencies:
    angular "^1.3"
    moment "^2.16.0"

angular-resource@^1.6.3:
  version "1.6.3"
  resolved "https://registry.yarnpkg.com/angular-resource/-/angular-resource-1.6.3.tgz#a6fb59409281e3ce5e23db3e545f0b9aff705e55"

angular-route@^1.6.3:
  version "1.6.3"
  resolved "https://registry.yarnpkg.com/angular-route/-/angular-route-1.6.3.tgz#ed8f336be55f5b414b37d1e8d7c8e1850cab8f12"

angular@^1.3, angular@^1.6.3:
  version "1.6.3"
  resolved "https://registry.yarnpkg.com/angular/-/angular-1.6.3.tgz#5d34b799234e8fa17c6a3a14e0258733935f43e7"

bootstrap-css-only@3.3.7:
  version "3.3.7"
  resolved "https://registry.yarnpkg.com/bootstrap-css-only/-/bootstrap-css-only-3.3.7.tgz#68a15925aa7b9b0fc0feb73ff85d8b8c3989c16d"

moment@2.18.1, moment@^2.16.0:
  version "2.18.1"
  resolved "https://registry.yarnpkg.com/moment/-/moment-2.18.1.tgz#c36193dd3ce1c2eed2adb7c802dbbc77a81b1c0f"
